// !$*UTF8*$!
{
	archiveVersion = 1;
	classes = {
	};
	objectVersion = 56;
	objects = {

/* Begin PBXBuildFile section */
		A10000010000000000000001 /* KeyCleanApp.swift in Sources */ = {isa = PBXBuildFile; fileRef = A20000010000000000000001; };
		A10000020000000000000002 /* ContentView.swift in Sources */ = {isa = PBXBuildFile; fileRef = A20000020000000000000002; };
		A10000030000000000000003 /* AppState.swift in Sources */ = {isa = PBXBuildFile; fileRef = A20000030000000000000003; };
		A10000040000000000000004 /* InputBlocker.swift in Sources */ = {isa = PBXBuildFile; fileRef = A20000040000000000000004; };
		A10000050000000000000005 /* MainView.swift in Sources */ = {isa = PBXBuildFile; fileRef = A20000050000000000000005; };
		A10000060000000000000006 /* CleaningView.swift in Sources */ = {isa = PBXBuildFile; fileRef = A20000060000000000000006; };
		A10000070000000000000007 /* ExitProgressView.swift in Sources */ = {isa = PBXBuildFile; fileRef = A20000070000000000000007; };
		A10000080000000000000008 /* ParticlesView.swift in Sources */ = {isa = PBXBuildFile; fileRef = A20000080000000000000008; };
		A1000000000000000000000A /* Assets.xcassets in Resources */ = {isa = PBXBuildFile; fileRef = A20000B00000000000000002; };
/* End PBXBuildFile section */

/* Begin PBXFileReference section */
		A20000010000000000000001 /* KeyCleanApp.swift */ = {isa = PBXFileReference; lastKnownFileType = sourcecode.swift; path = KeyCleanApp.swift; sourceTree = "<group>"; };
		A20000020000000000000002 /* ContentView.swift */ = {isa = PBXFileReference; lastKnownFileType = sourcecode.swift; path = ContentView.swift; sourceTree = "<group>"; };
		A20000030000000000000003 /* AppState.swift */ = {isa = PBXFileReference; lastKnownFileType = sourcecode.swift; path = AppState.swift; sourceTree = "<group>"; };
		A20000040000000000000004 /* InputBlocker.swift */ = {isa = PBXFileReference; lastKnownFileType = sourcecode.swift; path = InputBlocker.swift; sourceTree = "<group>"; };
		A20000050000000000000005 /* MainView.swift */ = {isa = PBXFileReference; lastKnownFileType = sourcecode.swift; path = MainView.swift; sourceTree = "<group>"; };
		A20000060000000000000006 /* CleaningView.swift */ = {isa = PBXFileReference; lastKnownFileType = sourcecode.swift; path = CleaningView.swift; sourceTree = "<group>"; };
		A20000070000000000000007 /* ExitProgressView.swift */ = {isa = PBXFileReference; lastKnownFileType = sourcecode.swift; path = ExitProgressView.swift; sourceTree = "<group>"; };
		A20000080000000000000008 /* ParticlesView.swift */ = {isa = PBXFileReference; lastKnownFileType = sourcecode.swift; path = ParticlesView.swift; sourceTree = "<group>"; };
		A20000090000000000000009 /* Info.plist */ = {isa = PBXFileReference; lastKnownFileType = text.plist.xml; path = Info.plist; sourceTree = "<group>"; };
		A2000000000000000000000A /* KeyClean.entitlements */ = {isa = PBXFileReference; lastKnownFileType = text.plist.entitlements; path = KeyClean.entitlements; sourceTree = "<group>"; };
		A20000B00000000000000002 /* Assets.xcassets */ = {isa = PBXFileReference; lastKnownFileType = folder.assetcatalog; path = Assets.xcassets; sourceTree = "<group>"; };
		A30000000000000000000001 /* KeyClean.app */ = {isa = PBXFileReference; explicitFileType = wrapper.application; includeInIndex = 0; path = KeyClean.app; sourceTree = BUILT_PRODUCTS_DIR; };
/* End PBXFileReference section */

/* Begin PBXFrameworksBuildPhase section */
		A40000000000000000000001 /* Frameworks */ = {
			isa = PBXFrameworksBuildPhase;
			buildActionMask = 2147483647;
			files = (
			);
			runOnlyForDeploymentPostprocessing = 0;
		};
/* End PBXFrameworksBuildPhase section */

/* Begin PBXGroup section */
		A50000000000000000000001 = {
			isa = PBXGroup;
			children = (
				A50000000000000000000002 /* KeyClean */,
				A50000000000000000000004 /* Products */,
			);
			sourceTree = "<group>";
		};
		A50000000000000000000002 /* KeyClean */ = {
			isa = PBXGroup;
			children = (
				A20000010000000000000001 /* KeyCleanApp.swift */,
				A20000020000000000000002 /* ContentView.swift */,
				A20000030000000000000003 /* AppState.swift */,
				A20000040000000000000004 /* InputBlocker.swift */,
				A50000000000000000000003 /* Views */,
				A20000B00000000000000002 /* Assets.xcassets */,
				A20000090000000000000009 /* Info.plist */,
				A2000000000000000000000A /* KeyClean.entitlements */,
			);
			path = KeyClean;
			sourceTree = "<group>";
		};
		A50000000000000000000003 /* Views */ = {
			isa = PBXGroup;
			children = (
				A20000050000000000000005 /* MainView.swift */,
				A20000060000000000000006 /* CleaningView.swift */,
				A20000070000000000000007 /* ExitProgressView.swift */,
				A20000080000000000000008 /* ParticlesView.swift */,
			);
			path = Views;
			sourceTree = "<group>";
		};
		A50000000000000000000004 /* Products */ = {
			isa = PBXGroup;
			children = (
				A30000000000000000000001 /* KeyClean.app */,
			);
			name = Products;
			sourceTree = "<group>";
		};
/* End PBXGroup section */

/* Begin PBXNativeTarget section */
		A60000000000000000000001 /* KeyClean */ = {
			isa = PBXNativeTarget;
			buildConfigurationList = A80000000000000000000001 /* Build configuration list for PBXNativeTarget "KeyClean" */;
			buildPhases = (
				A70000000000000000000001 /* Sources */,
				A40000000000000000000001 /* Frameworks */,
				A90000000000000000000001 /* Resources */,
			);
			buildRules = (
			);
			dependencies = (
			);
			name = KeyClean;
			productName = KeyClean;
			productReference = A30000000000000000000001 /* KeyClean.app */;
			productType = "com.apple.product-type.application";
		};
/* End PBXNativeTarget section */

/* Begin PBXProject section */
		AA0000000000000000000001 /* Project object */ = {
			isa = PBXProject;
			attributes = {
				BuildIndependentTargetsInParallel = 1;
				LastSwiftUpdateCheck = 1500;
				LastUpgradeCheck = 1500;
				TargetAttributes = {
					A60000000000000000000001 = {
						CreatedOnToolsVersion = 15.0;
					};
				};
			};
			buildConfigurationList = AB0000000000000000000001 /* Build configuration list for PBXProject "KeyClean" */;
			compatibilityVersion = "Xcode 14.0";
			developmentRegion = en;
			hasScannedForEncodings = 0;
			knownRegions = (
				en,
				Base,
			);
			mainGroup = A50000000000000000000001;
			productRefGroup = A50000000000000000000004 /* Products */;
			projectDirPath = "";
			projectRoot = "";
			targets = (
				A60000000000000000000001 /* KeyClean */,
			);
		};
/* End PBXProject section */

/* Begin PBXResourcesBuildPhase section */
		A90000000000000000000001 /* Resources */ = {
			isa = PBXResourcesBuildPhase;
			buildActionMask = 2147483647;
			files = (
				A1000000000000000000000A /* Assets.xcassets in Resources */,
			);
			runOnlyForDeploymentPostprocessing = 0;
		};
/* End PBXResourcesBuildPhase section */

/* Begin PBXSourcesBuildPhase section */
		A70000000000000000000001 /* Sources */ = {
			isa = PBXSourcesBuildPhase;
			buildActionMask = 2147483647;
			files = (
				A10000010000000000000001 /* KeyCleanApp.swift in Sources */,
				A10000020000000000000002 /* ContentView.swift in Sources */,
				A10000030000000000000003 /* AppState.swift in Sources */,
				A10000040000000000000004 /* InputBlocker.swift in Sources */,
				A10000050000000000000005 /* MainView.swift in Sources */,
				A10000060000000000000006 /* CleaningView.swift in Sources */,
				A10000070000000000000007 /* ExitProgressView.swift in Sources */,
				A10000080000000000000008 /* ParticlesView.swift in Sources */,
			);
			runOnlyForDeploymentPostprocessing = 0;
		};
/* End PBXSourcesBuildPhase section */

/* Begin XCBuildConfiguration section */
		AC0000000000000000000001 /* Debug */ = {
			isa = XCBuildConfiguration;
			buildSettings = {
				ALWAYS_SEARCH_USER_PATHS = NO;
				ASSETCATALOG_COMPILER_GENERATE_SWIFT_ASSET_SYMBOL_EXTENSIONS = YES;
				CLANG_ANALYZER_NONNULL = YES;
				CLANG_CXX_LANGUAGE_STANDARD = "gnu++20";
				CLANG_ENABLE_MODULES = YES;
				CLANG_ENABLE_OBJC_ARC = YES;
				COPY_PHASE_STRIP = NO;
				DEBUG_INFORMATION_FORMAT = dwarf;
				ENABLE_STRICT_OBJC_MSGSEND = YES;
				ENABLE_TESTABILITY = YES;
				GCC_DYNAMIC_NO_PIC = NO;
				GCC_OPTIMIZATION_LEVEL = 0;
				GCC_PREPROCESSOR_DEFINITIONS = (
					"DEBUG=1",
					"$(inherited)",
				);
				GCC_WARN_ABOUT_RETURN_TYPE = YES_ERROR;
				GCC_WARN_UNINITIALIZED_AUTOS = YES_AGGRESSIVE;
				MACOSX_DEPLOYMENT_TARGET = 13.0;
				MTL_ENABLE_DEBUG_INFO = INCLUDE_SOURCE;
				ONLY_ACTIVE_ARCH = YES;
				SDKROOT = macosx;
				SWIFT_ACTIVE_COMPILATION_CONDITIONS = "DEBUG $(inherited)";
				SWIFT_OPTIMIZATION_LEVEL = "-Onone";
			};
			name = Debug;
		};
		AC0000000000000000000002 /* Release */ = {
			isa = XCBuildConfiguration;
			buildSettings = {
				ALWAYS_SEARCH_USER_PATHS = NO;
				ASSETCATALOG_COMPILER_GENERATE_SWIFT_ASSET_SYMBOL_EXTENSIONS = YES;
				CLANG_ANALYZER_NONNULL = YES;
				CLANG_CXX_LANGUAGE_STANDARD = "gnu++20";
				CLANG_ENABLE_MODULES = YES;
				CLANG_ENABLE_OBJC_ARC = YES;
				COPY_PHASE_STRIP = NO;
				DEBUG_INFORMATION_FORMAT = "dwarf-with-dsym";
				ENABLE_NS_ASSERTIONS = NO;
				ENABLE_STRICT_OBJC_MSGSEND = YES;
				GCC_WARN_ABOUT_RETURN_TYPE = YES_ERROR;
				GCC_WARN_UNINITIALIZED_AUTOS = YES_AGGRESSIVE;
				MACOSX_DEPLOYMENT_TARGET = 13.0;
				MTL_ENABLE_DEBUG_INFO = NO;
				SDKROOT = macosx;
				SWIFT_COMPILATION_MODE = wholemodule;
				SWIFT_OPTIMIZATION_LEVEL = "-O";
			};
			name = Release;
		};
		AD0000000000000000000001 /* Debug */ = {
			isa = XCBuildConfiguration;
			buildSettings = {
				ASSETCATALOG_COMPILER_APPICON_NAME = AppIcon;
				CODE_SIGN_ALLOW_ENTITLEMENTS_MODIFICATION = YES;
				CODE_SIGN_ENTITLEMENTS = KeyClean/KeyClean.entitlements;
				CODE_SIGN_STYLE = Automatic;
				COMBINE_HIDPI_IMAGES = YES;
				CURRENT_PROJECT_VERSION = 1;
				GENERATE_INFOPLIST_FILE = YES;
				INFOPLIST_FILE = KeyClean/Info.plist;
				INFOPLIST_KEY_CFBundleDisplayName = KeyClean;
				INFOPLIST_KEY_LSApplicationCategoryType = "public.app-category.utilities";
				INFOPLIST_KEY_NSHumanReadableCopyright = "Copyright © 2025 KeyClean. All rights reserved.";
				LD_RUNPATH_SEARCH_PATHS = (
					"$(inherited)",
					"@executable_path/../Frameworks",
				);
				MARKETING_VERSION = 1.0;
				PRODUCT_BUNDLE_IDENTIFIER = com.keyclean.app;
				PRODUCT_NAME = "$(TARGET_NAME)";
				SWIFT_EMIT_LOC_STRINGS = YES;
				SWIFT_VERSION = 5.0;
			};
			name = Debug;
		};
		AD0000000000000000000002 /* Release */ = {
			isa = XCBuildConfiguration;
			buildSettings = {
				ASSETCATALOG_COMPILER_APPICON_NAME = AppIcon;
				CODE_SIGN_ALLOW_ENTITLEMENTS_MODIFICATION = YES;
				CODE_SIGN_ENTITLEMENTS = KeyClean/KeyClean.entitlements;
				CODE_SIGN_STYLE = Automatic;
				COMBINE_HIDPI_IMAGES = YES;
				CURRENT_PROJECT_VERSION = 1;
				GENERATE_INFOPLIST_FILE = YES;
				INFOPLIST_FILE = KeyClean/Info.plist;
				INFOPLIST_KEY_CFBundleDisplayName = KeyClean;
				INFOPLIST_KEY_LSApplicationCategoryType = "public.app-category.utilities";
				INFOPLIST_KEY_NSHumanReadableCopyright = "Copyright © 2025 KeyClean. All rights reserved.";
				LD_RUNPATH_SEARCH_PATHS = (
					"$(inherited)",
					"@executable_path/../Frameworks",
				);
				MARKETING_VERSION = 1.0;
				PRODUCT_BUNDLE_IDENTIFIER = com.keyclean.app;
				PRODUCT_NAME = "$(TARGET_NAME)";
				SWIFT_EMIT_LOC_STRINGS = YES;
				SWIFT_VERSION = 5.0;
			};
			name = Release;
		};
/* End XCBuildConfiguration section */

/* Begin XCConfigurationList section */
		AB0000000000000000000001 /* Build configuration list for PBXProject "KeyClean" */ = {
			isa = XCConfigurationList;
			buildConfigurations = (
				AC0000000000000000000001 /* Debug */,
				AC0000000000000000000002 /* Release */,
			);
			defaultConfigurationIsVisible = 0;
			defaultConfigurationName = Release;
		};
		A80000000000000000000001 /* Build configuration list for PBXNativeTarget "KeyClean" */ = {
			isa = XCConfigurationList;
			buildConfigurations = (
				AD0000000000000000000001 /* Debug */,
				AD0000000000000000000002 /* Release */,
			);
			defaultConfigurationIsVisible = 0;
			defaultConfigurationName = Release;
		};
/* End XCConfigurationList section */

	};
	rootObject = AA0000000000000000000001 /* Project object */;
}
